
Microsoft Visual Studio Solution File, Format Version 12.00
# Visual Studio Version 16
VisualStudioVersion = 16.0.32228.343
MinimumVisualStudioVersion = 10.0.40219.1
Project("{9A19103F-16F7-4668-BE54-9A1E7A4F7556}") = "AsyncInnApp", "AsyncInnApp\AsyncInnApp.csproj", "{4C60C92C-1A95-4F18-826B-BF361CCFCBAA}"
EndProject
Project("{FAE04EC0-301F-11D3-BF4B-00C04F79EFBC}") = "TestAsyncIn", "TestAsyncIn\TestAsyncIn.csproj", "{1AF1802A-0A65-452A-B536-3834B9D75D0E}"
EndProject
Global
	GlobalSection(SolutionConfigurationPlatforms) = preSolution
		Debug|Any CPU = Debug|Any CPU
		Release|Any CPU = Release|Any CPU
	EndGlobalSection
	GlobalSection(ProjectConfigurationPlatforms) = postSolution
		{4C60C92C-1A95-4F18-826B-BF361CCFCBAA}.Debug|Any CPU.ActiveCfg = Debug|Any CPU
		{4C60C92C-1A95-4F18-826B-BF361CCFCBAA}.Debug|Any CPU.Build.0 = Debug|Any CPU
		{4C60C92C-1A95-4F18-826B-BF361CCFCBAA}.Release|Any CPU.ActiveCfg = Release|Any CPU
		{4C60C92C-1A95-4F18-826B-BF361CCFCBAA}.Release|Any CPU.Build.0 = Release|Any CPU
		{1AF1802A-0A65-452A-B536-3834B9D75D0E}.Debug|Any CPU.ActiveCfg = Debug|Any CPU
		{1AF1802A-0A65-452A-B536-3834B9D75D0E}.Debug|Any CPU.Build.0 = Debug|Any CPU
		{1AF1802A-0A65-452A-B536-3834B9D75D0E}.Release|Any CPU.ActiveCfg = Release|Any CPU
		{1AF1802A-0A65-452A-B536-3834B9D75D0E}.Release|Any CPU.Build.0 = Release|Any CPU
	EndGlobalSection
	GlobalSection(SolutionProperties) = preSolution
		HideSolutionNode = FALSE
	EndGlobalSection
	GlobalSection(ExtensibilityGlobals) = postSolution
		SolutionGuid = {11BB1F05-1E42-4131-939B-2D16DA060E90}
	EndGlobalSection
EndGlobal
